
Microsoft Visual Studio Solution File, Format Version 12.00
# Visual Studio Version 17
VisualStudioVersion = 17.8.34525.116
MinimumVisualStudioVersion = 10.0.40219.1
Project("{FAE04EC0-301F-11D3-BF4B-00C04F79EFBC}") = "StockCollector", "StockCollector.csproj", "{B2D10F73-C07C-426F-A9F6-122A2464D123}"
EndProject
Global
	GlobalSection(SolutionConfigurationPlatforms) = preSolution
		Debug|Any CPU = Debug|Any CPU
		Release|Any CPU = Release|Any CPU
	EndGlobalSection
	GlobalSection(ProjectConfigurationPlatforms) = postSolution
		{B2D10F73-C07C-426F-A9F6-122A2464D123}.Debug|Any CPU.ActiveCfg = Debug|Any CPU
		{B2D10F73-C07C-426F-A9F6-122A2464D123}.Debug|Any CPU.Build.0 = Debug|Any CPU
		{B2D10F73-C07C-426F-A9F6-122A2464D123}.Release|Any CPU.ActiveCfg = Release|Any CPU
		{B2D10F73-C07C-426F-A9F6-122A2464D123}.Release|Any CPU.Build.0 = Release|Any CPU
	EndGlobalSection
	GlobalSection(SolutionProperties) = preSolution
		HideSolutionNode = FALSE
	EndGlobalSection
	GlobalSection(ExtensibilityGlobals) = postSolution
		SolutionGuid = {FE1C5E29-D232-4E7A-87D6-E39AC23C616A}
	EndGlobalSection
EndGlobal
